{
  "name": "005 - Space - LVL1",
  "lockfileVersion": 3,
  "requires": true,
  "packages": {
    "": {
      "dependencies": {
        "matter-attractors": "^0.1.6",
        "matter-js": "^0.20.0",
        "matter-tools": "^0.14.0"
      }
    },
    "node_modules/matter-attractors": {
      "version": "0.1.6",
      "resolved": "https://registry.npmjs.org/matter-attractors/-/matter-attractors-0.1.6.tgz",
      "integrity": "sha512-vGFsFHS9m0hXnaswfKXT2nKfPXJs4lwnQJwkGrs1IHrVldKAmlBKBb4OcYh0rwQga3CFWGUq3JvKpWZvZuqlDQ=="
    },
    "node_modules/matter-js": {
      "version": "0.20.0",
      "resolved": "https://registry.npmjs.org/matter-js/-/matter-js-0.20.0.tgz",
      "integrity": "sha512-iC9fYR7zVT3HppNnsFsp9XOoQdQN2tUyfaKg4CHLH8bN+j6GT4Gw7IH2rP0tflAebrHFw730RR3DkVSZRX8hwA=="
    },
    "node_modules/matter-tools": {
      "version": "0.14.0",
      "resolved": "https://registry.npmjs.org/matter-tools/-/matter-tools-0.14.0.tgz",
      "integrity": "sha512-BJlSfuN8Vi289EgEtosO9Kr05Jc6AZKGem0hH5e+AUXWJMHmWXF4m/DWXZgnToCGNPOvkynTRxOZNUPuL8xqtA=="
    }
  }
}
